
Microsoft Visual Studio Solution File, Format Version 12.00
# Visual Studio 15
VisualStudioVersion = 15.0.26124.0
MinimumVisualStudioVersion = 15.0.26124.0
Project("{FAE04EC0-301F-11D3-BF4B-00C04F79EFBC}") = "ProAtividade.API", "ProAtividade.API\ProAtividade.API.csproj", "{2CC003AC-33EB-483E-8851-A1F7FBE4F2F1}"
EndProject
Project("{FAE04EC0-301F-11D3-BF4B-00C04F79EFBC}") = "ProAtividade.Data", "ProAtividade.Data\ProAtividade.Data.csproj", "{4C77142B-9B68-408E-BF59-9D1FFBB7994B}"
EndProject
Project("{FAE04EC0-301F-11D3-BF4B-00C04F79EFBC}") = "ProAtividade.Domain", "ProAtividade.Domain\ProAtividade.Domain.csproj", "{BB18C5A6-0B31-4498-A77F-279D2636D6A5}"
EndProject
Global
	GlobalSection(SolutionConfigurationPlatforms) = preSolution
		Debug|Any CPU = Debug|Any CPU
		Debug|x64 = Debug|x64
		Debug|x86 = Debug|x86
		Release|Any CPU = Release|Any CPU
		Release|x64 = Release|x64
		Release|x86 = Release|x86
	EndGlobalSection
	GlobalSection(SolutionProperties) = preSolution
		HideSolutionNode = FALSE
	EndGlobalSection
	GlobalSection(ProjectConfigurationPlatforms) = postSolution
		{2CC003AC-33EB-483E-8851-A1F7FBE4F2F1}.Debug|Any CPU.ActiveCfg = Debug|Any CPU
		{2CC003AC-33EB-483E-8851-A1F7FBE4F2F1}.Debug|Any CPU.Build.0 = Debug|Any CPU
		{2CC003AC-33EB-483E-8851-A1F7FBE4F2F1}.Debug|x64.ActiveCfg = Debug|Any CPU
		{2CC003AC-33EB-483E-8851-A1F7FBE4F2F1}.Debug|x64.Build.0 = Debug|Any CPU
		{2CC003AC-33EB-483E-8851-A1F7FBE4F2F1}.Debug|x86.ActiveCfg = Debug|Any CPU
		{2CC003AC-33EB-483E-8851-A1F7FBE4F2F1}.Debug|x86.Build.0 = Debug|Any CPU
		{2CC003AC-33EB-483E-8851-A1F7FBE4F2F1}.Release|Any CPU.ActiveCfg = Release|Any CPU
		{2CC003AC-33EB-483E-8851-A1F7FBE4F2F1}.Release|Any CPU.Build.0 = Release|Any CPU
		{2CC003AC-33EB-483E-8851-A1F7FBE4F2F1}.Release|x64.ActiveCfg = Release|Any CPU
		{2CC003AC-33EB-483E-8851-A1F7FBE4F2F1}.Release|x64.Build.0 = Release|Any CPU
		{2CC003AC-33EB-483E-8851-A1F7FBE4F2F1}.Release|x86.ActiveCfg = Release|Any CPU
		{2CC003AC-33EB-483E-8851-A1F7FBE4F2F1}.Release|x86.Build.0 = Release|Any CPU
		{4C77142B-9B68-408E-BF59-9D1FFBB7994B}.Debug|Any CPU.ActiveCfg = Debug|Any CPU
		{4C77142B-9B68-408E-BF59-9D1FFBB7994B}.Debug|Any CPU.Build.0 = Debug|Any CPU
		{4C77142B-9B68-408E-BF59-9D1FFBB7994B}.Debug|x64.ActiveCfg = Debug|Any CPU
		{4C77142B-9B68-408E-BF59-9D1FFBB7994B}.Debug|x64.Build.0 = Debug|Any CPU
		{4C77142B-9B68-408E-BF59-9D1FFBB7994B}.Debug|x86.ActiveCfg = Debug|Any CPU
		{4C77142B-9B68-408E-BF59-9D1FFBB7994B}.Debug|x86.Build.0 = Debug|Any CPU
		{4C77142B-9B68-408E-BF59-9D1FFBB7994B}.Release|Any CPU.ActiveCfg = Release|Any CPU
		{4C77142B-9B68-408E-BF59-9D1FFBB7994B}.Release|Any CPU.Build.0 = Release|Any CPU
		{4C77142B-9B68-408E-BF59-9D1FFBB7994B}.Release|x64.ActiveCfg = Release|Any CPU
		{4C77142B-9B68-408E-BF59-9D1FFBB7994B}.Release|x64.Build.0 = Release|Any CPU
		{4C77142B-9B68-408E-BF59-9D1FFBB7994B}.Release|x86.ActiveCfg = Release|Any CPU
		{4C77142B-9B68-408E-BF59-9D1FFBB7994B}.Release|x86.Build.0 = Release|Any CPU
		{BB18C5A6-0B31-4498-A77F-279D2636D6A5}.Debug|Any CPU.ActiveCfg = Debug|Any CPU
		{BB18C5A6-0B31-4498-A77F-279D2636D6A5}.Debug|Any CPU.Build.0 = Debug|Any CPU
		{BB18C5A6-0B31-4498-A77F-279D2636D6A5}.Debug|x64.ActiveCfg = Debug|Any CPU
		{BB18C5A6-0B31-4498-A77F-279D2636D6A5}.Debug|x64.Build.0 = Debug|Any CPU
		{BB18C5A6-0B31-4498-A77F-279D2636D6A5}.Debug|x86.ActiveCfg = Debug|Any CPU
		{BB18C5A6-0B31-4498-A77F-279D2636D6A5}.Debug|x86.Build.0 = Debug|Any CPU
		{BB18C5A6-0B31-4498-A77F-279D2636D6A5}.Release|Any CPU.ActiveCfg = Release|Any CPU
		{BB18C5A6-0B31-4498-A77F-279D2636D6A5}.Release|Any CPU.Build.0 = Release|Any CPU
		{BB18C5A6-0B31-4498-A77F-279D2636D6A5}.Release|x64.ActiveCfg = Release|Any CPU
		{BB18C5A6-0B31-4498-A77F-279D2636D6A5}.Release|x64.Build.0 = Release|Any CPU
		{BB18C5A6-0B31-4498-A77F-279D2636D6A5}.Release|x86.ActiveCfg = Release|Any CPU
		{BB18C5A6-0B31-4498-A77F-279D2636D6A5}.Release|x86.Build.0 = Release|Any CPU
	EndGlobalSection
EndGlobal
